// !$*UTF8*$!
{
	archiveVersion = 1;
	classes = {
	};
	objectVersion = 55;
	objects = {

/* Begin PBXBuildFile section */
		3090B28A283D1BF50006F7A4 /* AlamofireNetworkRequest.swift in Sources */ = {isa = PBXBuildFile; fileRef = 3090B289283D1BF50006F7A4 /* AlamofireNetworkRequest.swift */; };
		30C58092283785EE003B0EF2 /* ImageProperties.swift in Sources */ = {isa = PBXBuildFile; fileRef = 30C58091283785EE003B0EF2 /* ImageProperties.swift */; };
		30C58094283905E0003B0EF2 /* DataProvider.swift in Sources */ = {isa = PBXBuildFile; fileRef = 30C58093283905E0003B0EF2 /* DataProvider.swift */; };
		30F893E228327E1200382896 /* AppDelegate.swift in Sources */ = {isa = PBXBuildFile; fileRef = 30F893E128327E1200382896 /* AppDelegate.swift */; };
		30F893E428327E1200382896 /* SceneDelegate.swift in Sources */ = {isa = PBXBuildFile; fileRef = 30F893E328327E1200382896 /* SceneDelegate.swift */; };
		30F893E928327E1200382896 /* Main.storyboard in Resources */ = {isa = PBXBuildFile; fileRef = 30F893E728327E1200382896 /* Main.storyboard */; };
		30F893EB28327E1300382896 /* Assets.xcassets in Resources */ = {isa = PBXBuildFile; fileRef = 30F893EA28327E1300382896 /* Assets.xcassets */; };
		30F893EE28327E1300382896 /* LaunchScreen.storyboard in Resources */ = {isa = PBXBuildFile; fileRef = 30F893EC28327E1300382896 /* LaunchScreen.storyboard */; };
		30F893F628327E3900382896 /* SecondViewController.swift in Sources */ = {isa = PBXBuildFile; fileRef = 30F893F528327E3900382896 /* SecondViewController.swift */; };
		30F893F82832A25B00382896 /* TableViewController.swift in Sources */ = {isa = PBXBuildFile; fileRef = 30F893F72832A25B00382896 /* TableViewController.swift */; };
		30F893FA2832A31B00382896 /* WebViewController.swift in Sources */ = {isa = PBXBuildFile; fileRef = 30F893F92832A31B00382896 /* WebViewController.swift */; };
		30F893FF2832A55200382896 /* TableViewCell.swift in Sources */ = {isa = PBXBuildFile; fileRef = 30F893FE2832A55200382896 /* TableViewCell.swift */; };
		30F894012832D92800382896 /* NetworkManager.swift in Sources */ = {isa = PBXBuildFile; fileRef = 30F894002832D92800382896 /* NetworkManager.swift */; };
		30F894032832D93600382896 /* Course.swift in Sources */ = {isa = PBXBuildFile; fileRef = 30F894022832D93600382896 /* Course.swift */; };
		30F894052836E01B00382896 /* MainCollectionViewController.swift in Sources */ = {isa = PBXBuildFile; fileRef = 30F894042836E01B00382896 /* MainCollectionViewController.swift */; };
		30F894072836E04E00382896 /* CollectionViewCell.swift in Sources */ = {isa = PBXBuildFile; fileRef = 30F894062836E04E00382896 /* CollectionViewCell.swift */; };
		430B1D6849B957D12FE8026E /* Pods_Get_Post_request.framework in Frameworks */ = {isa = PBXBuildFile; fileRef = AF2918AEED0ED581A4E5BD7C /* Pods_Get_Post_request.framework */; };
/* End PBXBuildFile section */

/* Begin PBXFileReference section */
		021DA3A01861A54C3889D3CD /* Pods-Get Post request.release.xcconfig */ = {isa = PBXFileReference; includeInIndex = 1; lastKnownFileType = text.xcconfig; name = "Pods-Get Post request.release.xcconfig"; path = "Target Support Files/Pods-Get Post request/Pods-Get Post request.release.xcconfig"; sourceTree = "<group>"; };
		3090B289283D1BF50006F7A4 /* AlamofireNetworkRequest.swift */ = {isa = PBXFileReference; lastKnownFileType = sourcecode.swift; path = AlamofireNetworkRequest.swift; sourceTree = "<group>"; };
		30C58091283785EE003B0EF2 /* ImageProperties.swift */ = {isa = PBXFileReference; lastKnownFileType = sourcecode.swift; path = ImageProperties.swift; sourceTree = "<group>"; };
		30C58093283905E0003B0EF2 /* DataProvider.swift */ = {isa = PBXFileReference; lastKnownFileType = sourcecode.swift; path = DataProvider.swift; sourceTree = "<group>"; };
		30F893DE28327E1200382896 /* Get Post request.app */ = {isa = PBXFileReference; explicitFileType = wrapper.application; includeInIndex = 0; path = "Get Post request.app"; sourceTree = BUILT_PRODUCTS_DIR; };
		30F893E128327E1200382896 /* AppDelegate.swift */ = {isa = PBXFileReference; lastKnownFileType = sourcecode.swift; path = AppDelegate.swift; sourceTree = "<group>"; };
		30F893E328327E1200382896 /* SceneDelegate.swift */ = {isa = PBXFileReference; lastKnownFileType = sourcecode.swift; path = SceneDelegate.swift; sourceTree = "<group>"; };
		30F893E828327E1200382896 /* Base */ = {isa = PBXFileReference; lastKnownFileType = file.storyboard; name = Base; path = Base.lproj/Main.storyboard; sourceTree = "<group>"; };
		30F893EA28327E1300382896 /* Assets.xcassets */ = {isa = PBXFileReference; lastKnownFileType = folder.assetcatalog; path = Assets.xcassets; sourceTree = "<group>"; };
		30F893ED28327E1300382896 /* Base */ = {isa = PBXFileReference; lastKnownFileType = file.storyboard; name = Base; path = Base.lproj/LaunchScreen.storyboard; sourceTree = "<group>"; };
		30F893EF28327E1300382896 /* Info.plist */ = {isa = PBXFileReference; lastKnownFileType = text.plist.xml; path = Info.plist; sourceTree = "<group>"; };
		30F893F528327E3900382896 /* SecondViewController.swift */ = {isa = PBXFileReference; lastKnownFileType = sourcecode.swift; path = SecondViewController.swift; sourceTree = "<group>"; };
		30F893F72832A25B00382896 /* TableViewController.swift */ = {isa = PBXFileReference; lastKnownFileType = sourcecode.swift; path = TableViewController.swift; sourceTree = "<group>"; };
		30F893F92832A31B00382896 /* WebViewController.swift */ = {isa = PBXFileReference; lastKnownFileType = sourcecode.swift; path = WebViewController.swift; sourceTree = "<group>"; };
		30F893FE2832A55200382896 /* TableViewCell.swift */ = {isa = PBXFileReference; lastKnownFileType = sourcecode.swift; path = TableViewCell.swift; sourceTree = "<group>"; };
		30F894002832D92800382896 /* NetworkManager.swift */ = {isa = PBXFileReference; lastKnownFileType = sourcecode.swift; path = NetworkManager.swift; sourceTree = "<group>"; };
		30F894022832D93600382896 /* Course.swift */ = {isa = PBXFileReference; lastKnownFileType = sourcecode.swift; path = Course.swift; sourceTree = "<group>"; };
		30F894042836E01B00382896 /* MainCollectionViewController.swift */ = {isa = PBXFileReference; lastKnownFileType = sourcecode.swift; path = MainCollectionViewController.swift; sourceTree = "<group>"; };
		30F894062836E04E00382896 /* CollectionViewCell.swift */ = {isa = PBXFileReference; lastKnownFileType = sourcecode.swift; path = CollectionViewCell.swift; sourceTree = "<group>"; };
		A4A979B5BC273725A286E1DF /* Pods-Get Post request.debug.xcconfig */ = {isa = PBXFileReference; includeInIndex = 1; lastKnownFileType = text.xcconfig; name = "Pods-Get Post request.debug.xcconfig"; path = "Target Support Files/Pods-Get Post request/Pods-Get Post request.debug.xcconfig"; sourceTree = "<group>"; };
		AF2918AEED0ED581A4E5BD7C /* Pods_Get_Post_request.framework */ = {isa = PBXFileReference; explicitFileType = wrapper.framework; includeInIndex = 0; path = Pods_Get_Post_request.framework; sourceTree = BUILT_PRODUCTS_DIR; };
/* End PBXFileReference section */

/* Begin PBXFrameworksBuildPhase section */
		30F893DB28327E1200382896 /* Frameworks */ = {
			isa = PBXFrameworksBuildPhase;
			buildActionMask = 2147483647;
			files = (
				430B1D6849B957D12FE8026E /* Pods_Get_Post_request.framework in Frameworks */,
			);
			runOnlyForDeploymentPostprocessing = 0;
		};
/* End PBXFrameworksBuildPhase section */

/* Begin PBXGroup section */
		05143C3C47CC1E67B5A44749 /* Pods */ = {
			isa = PBXGroup;
			children = (
				A4A979B5BC273725A286E1DF /* Pods-Get Post request.debug.xcconfig */,
				021DA3A01861A54C3889D3CD /* Pods-Get Post request.release.xcconfig */,
			);
			path = Pods;
			sourceTree = "<group>";
		};
		30F893D528327E1200382896 = {
			isa = PBXGroup;
			children = (
				30F893E028327E1200382896 /* Get Post request */,
				30F893DF28327E1200382896 /* Products */,
				05143C3C47CC1E67B5A44749 /* Pods */,
				588E8DF179399545043D8FE6 /* Frameworks */,
			);
			sourceTree = "<group>";
		};
		30F893DF28327E1200382896 /* Products */ = {
			isa = PBXGroup;
			children = (
				30F893DE28327E1200382896 /* Get Post request.app */,
			);
			name = Products;
			sourceTree = "<group>";
		};
		30F893E028327E1200382896 /* Get Post request */ = {
			isa = PBXGroup;
			children = (
				30F893E128327E1200382896 /* AppDelegate.swift */,
				30F893E328327E1200382896 /* SceneDelegate.swift */,
				30F893FB2832A32700382896 /* Controller */,
				30F893FC2832A33300382896 /* View */,
				30F893FD2832A37A00382896 /* Model */,
				30F893EA28327E1300382896 /* Assets.xcassets */,
				30F893EF28327E1300382896 /* Info.plist */,
			);
			path = "Get Post request";
			sourceTree = "<group>";
		};
		30F893FB2832A32700382896 /* Controller */ = {
			isa = PBXGroup;
			children = (
				30F893F528327E3900382896 /* SecondViewController.swift */,
				30F893F72832A25B00382896 /* TableViewController.swift */,
				30F893F92832A31B00382896 /* WebViewController.swift */,
				30F894042836E01B00382896 /* MainCollectionViewController.swift */,
			);
			path = Controller;
			sourceTree = "<group>";
		};
		30F893FC2832A33300382896 /* View */ = {
			isa = PBXGroup;
			children = (
				30F893FE2832A55200382896 /* TableViewCell.swift */,
				30F894062836E04E00382896 /* CollectionViewCell.swift */,
				30F893E728327E1200382896 /* Main.storyboard */,
				30F893EC28327E1300382896 /* LaunchScreen.storyboard */,
			);
			path = View;
			sourceTree = "<group>";
		};
		30F893FD2832A37A00382896 /* Model */ = {
			isa = PBXGroup;
			children = (
				30F894002832D92800382896 /* NetworkManager.swift */,
				30F894022832D93600382896 /* Course.swift */,
				30C58091283785EE003B0EF2 /* ImageProperties.swift */,
				30C58093283905E0003B0EF2 /* DataProvider.swift */,
				3090B289283D1BF50006F7A4 /* AlamofireNetworkRequest.swift */,
			);
			path = Model;
			sourceTree = "<group>";
		};
		588E8DF179399545043D8FE6 /* Frameworks */ = {
			isa = PBXGroup;
			children = (
				AF2918AEED0ED581A4E5BD7C /* Pods_Get_Post_request.framework */,
			);
			name = Frameworks;
			sourceTree = "<group>";
		};
/* End PBXGroup section */

/* Begin PBXNativeTarget section */
		30F893DD28327E1200382896 /* Get Post request */ = {
			isa = PBXNativeTarget;
			buildConfigurationList = 30F893F228327E1300382896 /* Build configuration list for PBXNativeTarget "Get Post request" */;
			buildPhases = (
				EFBF803E5131B5CA45023D0F /* [CP] Check Pods Manifest.lock */,
				30F893DA28327E1200382896 /* Sources */,
				30F893DB28327E1200382896 /* Frameworks */,
				30F893DC28327E1200382896 /* Resources */,
				ECB895646899CED3E29A4224 /* [CP] Embed Pods Frameworks */,
			);
			buildRules = (
			);
			dependencies = (
			);
			name = "Get Post request";
			productName = "Get Post request";
			productReference = 30F893DE28327E1200382896 /* Get Post request.app */;
			productType = "com.apple.product-type.application";
		};
/* End PBXNativeTarget section */

/* Begin PBXProject section */
		30F893D628327E1200382896 /* Project object */ = {
			isa = PBXProject;
			attributes = {
				BuildIndependentTargetsInParallel = 1;
				LastSwiftUpdateCheck = 1320;
				LastUpgradeCheck = 1320;
				TargetAttributes = {
					30F893DD28327E1200382896 = {
						CreatedOnToolsVersion = 13.2.1;
					};
				};
			};
			buildConfigurationList = 30F893D928327E1200382896 /* Build configuration list for PBXProject "Get Post request" */;
			compatibilityVersion = "Xcode 13.0";
			developmentRegion = en;
			hasScannedForEncodings = 0;
			knownRegions = (
				en,
				Base,
			);
			mainGroup = 30F893D528327E1200382896;
			productRefGroup = 30F893DF28327E1200382896 /* Products */;
			projectDirPath = "";
			projectRoot = "";
			targets = (
				30F893DD28327E1200382896 /* Get Post request */,
			);
		};
/* End PBXProject section */

/* Begin PBXResourcesBuildPhase section */
		30F893DC28327E1200382896 /* Resources */ = {
			isa = PBXResourcesBuildPhase;
			buildActionMask = 2147483647;
			files = (
				30F893EE28327E1300382896 /* LaunchScreen.storyboard in Resources */,
				30F893EB28327E1300382896 /* Assets.xcassets in Resources */,
				30F893E928327E1200382896 /* Main.storyboard in Resources */,
			);
			runOnlyForDeploymentPostprocessing = 0;
		};
/* End PBXResourcesBuildPhase section */

/* Begin PBXShellScriptBuildPhase section */
		ECB895646899CED3E29A4224 /* [CP] Embed Pods Frameworks */ = {
			isa = PBXShellScriptBuildPhase;
			buildActionMask = 2147483647;
			files = (
			);
			inputFileListPaths = (
				"${PODS_ROOT}/Target Support Files/Pods-Get Post request/Pods-Get Post request-frameworks-${CONFIGURATION}-input-files.xcfilelist",
			);
			name = "[CP] Embed Pods Frameworks";
			outputFileListPaths = (
				"${PODS_ROOT}/Target Support Files/Pods-Get Post request/Pods-Get Post request-frameworks-${CONFIGURATION}-output-files.xcfilelist",
			);
			runOnlyForDeploymentPostprocessing = 0;
			shellPath = /bin/sh;
			shellScript = "\"${PODS_ROOT}/Target Support Files/Pods-Get Post request/Pods-Get Post request-frameworks.sh\"\n";
			showEnvVarsInLog = 0;
		};
		EFBF803E5131B5CA45023D0F /* [CP] Check Pods Manifest.lock */ = {
			isa = PBXShellScriptBuildPhase;
			buildActionMask = 2147483647;
			files = (
			);
			inputFileListPaths = (
			);
			inputPaths = (
				"${PODS_PODFILE_DIR_PATH}/Podfile.lock",
				"${PODS_ROOT}/Manifest.lock",
			);
			name = "[CP] Check Pods Manifest.lock";
			outputFileListPaths = (
			);
			outputPaths = (
				"$(DERIVED_FILE_DIR)/Pods-Get Post request-checkManifestLockResult.txt",
			);
			runOnlyForDeploymentPostprocessing = 0;
			shellPath = /bin/sh;
			shellScript = "diff \"${PODS_PODFILE_DIR_PATH}/Podfile.lock\" \"${PODS_ROOT}/Manifest.lock\" > /dev/null\nif [ $? != 0 ] ; then\n    # print error to STDERR\n    echo \"error: The sandbox is not in sync with the Podfile.lock. Run 'pod install' or update your CocoaPods installation.\" >&2\n    exit 1\nfi\n# This output is used by Xcode 'outputs' to avoid re-running this script phase.\necho \"SUCCESS\" > \"${SCRIPT_OUTPUT_FILE_0}\"\n";
			showEnvVarsInLog = 0;
		};
/* End PBXShellScriptBuildPhase section */

/* Begin PBXSourcesBuildPhase section */
		30F893DA28327E1200382896 /* Sources */ = {
			isa = PBXSourcesBuildPhase;
			buildActionMask = 2147483647;
			files = (
				30C58092283785EE003B0EF2 /* ImageProperties.swift in Sources */,
				30F894032832D93600382896 /* Course.swift in Sources */,
				3090B28A283D1BF50006F7A4 /* AlamofireNetworkRequest.swift in Sources */,
				30F894052836E01B00382896 /* MainCollectionViewController.swift in Sources */,
				30F893F628327E3900382896 /* SecondViewController.swift in Sources */,
				30F893FA2832A31B00382896 /* WebViewController.swift in Sources */,
				30F893E228327E1200382896 /* AppDelegate.swift in Sources */,
				30C58094283905E0003B0EF2 /* DataProvider.swift in Sources */,
				30F894012832D92800382896 /* NetworkManager.swift in Sources */,
				30F893F82832A25B00382896 /* TableViewController.swift in Sources */,
				30F893FF2832A55200382896 /* TableViewCell.swift in Sources */,
				30F893E428327E1200382896 /* SceneDelegate.swift in Sources */,
				30F894072836E04E00382896 /* CollectionViewCell.swift in Sources */,
			);
			runOnlyForDeploymentPostprocessing = 0;
		};
/* End PBXSourcesBuildPhase section */

/* Begin PBXVariantGroup section */
		30F893E728327E1200382896 /* Main.storyboard */ = {
			isa = PBXVariantGroup;
			children = (
				30F893E828327E1200382896 /* Base */,
			);
			name = Main.storyboard;
			sourceTree = "<group>";
		};
		30F893EC28327E1300382896 /* LaunchScreen.storyboard */ = {
			isa = PBXVariantGroup;
			children = (
				30F893ED28327E1300382896 /* Base */,
			);
			name = LaunchScreen.storyboard;
			sourceTree = "<group>";
		};
/* End PBXVariantGroup section */

/* Begin XCBuildConfiguration section */
		30F893F028327E1300382896 /* Debug */ = {
			isa = XCBuildConfiguration;
			buildSettings = {
				ALWAYS_SEARCH_USER_PATHS = NO;
				CLANG_ANALYZER_NONNULL = YES;
				CLANG_ANALYZER_NUMBER_OBJECT_CONVERSION = YES_AGGRESSIVE;
				CLANG_CXX_LANGUAGE_STANDARD = "gnu++17";
				CLANG_CXX_LIBRARY = "libc++";
				CLANG_ENABLE_MODULES = YES;
				CLANG_ENABLE_OBJC_ARC = YES;
				CLANG_ENABLE_OBJC_WEAK = YES;
				CLANG_WARN_BLOCK_CAPTURE_AUTORELEASING = YES;
				CLANG_WARN_BOOL_CONVERSION = YES;
				CLANG_WARN_COMMA = YES;
				CLANG_WARN_CONSTANT_CONVERSION = YES;
				CLANG_WARN_DEPRECATED_OBJC_IMPLEMENTATIONS = YES;
				CLANG_WARN_DIRECT_OBJC_ISA_USAGE = YES_ERROR;
				CLANG_WARN_DOCUMENTATION_COMMENTS = YES;
				CLANG_WARN_EMPTY_BODY = YES;
				CLANG_WARN_ENUM_CONVERSION = YES;
				CLANG_WARN_INFINITE_RECURSION = YES;
				CLANG_WARN_INT_CONVERSION = YES;
				CLANG_WARN_NON_LITERAL_NULL_CONVERSION = YES;
				CLANG_WARN_OBJC_IMPLICIT_RETAIN_SELF = YES;
				CLANG_WARN_OBJC_LITERAL_CONVERSION = YES;
				CLANG_WARN_OBJC_ROOT_CLASS = YES_ERROR;
				CLANG_WARN_QUOTED_INCLUDE_IN_FRAMEWORK_HEADER = YES;
				CLANG_WARN_RANGE_LOOP_ANALYSIS = YES;
				CLANG_WARN_STRICT_PROTOTYPES = YES;
				CLANG_WARN_SUSPICIOUS_MOVE = YES;
				CLANG_WARN_UNGUARDED_AVAILABILITY = YES_AGGRESSIVE;
				CLANG_WARN_UNREACHABLE_CODE = YES;
				CLANG_WARN__DUPLICATE_METHOD_MATCH = YES;
				COPY_PHASE_STRIP = NO;
				DEBUG_INFORMATION_FORMAT = dwarf;
				ENABLE_STRICT_OBJC_MSGSEND = YES;
				ENABLE_TESTABILITY = YES;
				GCC_C_LANGUAGE_STANDARD = gnu11;
				GCC_DYNAMIC_NO_PIC = NO;
				GCC_NO_COMMON_BLOCKS = YES;
				GCC_OPTIMIZATION_LEVEL = 0;
				GCC_PREPROCESSOR_DEFINITIONS = (
					"DEBUG=1",
					"$(inherited)",
				);
				GCC_WARN_64_TO_32_BIT_CONVERSION = YES;
				GCC_WARN_ABOUT_RETURN_TYPE = YES_ERROR;
				GCC_WARN_UNDECLARED_SELECTOR = YES;
				GCC_WARN_UNINITIALIZED_AUTOS = YES_AGGRESSIVE;
				GCC_WARN_UNUSED_FUNCTION = YES;
				GCC_WARN_UNUSED_VARIABLE = YES;
				IPHONEOS_DEPLOYMENT_TARGET = 15.2;
				MTL_ENABLE_DEBUG_INFO = INCLUDE_SOURCE;
				MTL_FAST_MATH = YES;
				ONLY_ACTIVE_ARCH = YES;
				SDKROOT = iphoneos;
				SWIFT_ACTIVE_COMPILATION_CONDITIONS = DEBUG;
				SWIFT_OPTIMIZATION_LEVEL = "-Onone";
			};
			name = Debug;
		};
		30F893F128327E1300382896 /* Release */ = {
			isa = XCBuildConfiguration;
			buildSettings = {
				ALWAYS_SEARCH_USER_PATHS = NO;
				CLANG_ANALYZER_NONNULL = YES;
				CLANG_ANALYZER_NUMBER_OBJECT_CONVERSION = YES_AGGRESSIVE;
				CLANG_CXX_LANGUAGE_STANDARD = "gnu++17";
				CLANG_CXX_LIBRARY = "libc++";
				CLANG_ENABLE_MODULES = YES;
				CLANG_ENABLE_OBJC_ARC = YES;
				CLANG_ENABLE_OBJC_WEAK = YES;
				CLANG_WARN_BLOCK_CAPTURE_AUTORELEASING = YES;
				CLANG_WARN_BOOL_CONVERSION = YES;
				CLANG_WARN_COMMA = YES;
				CLANG_WARN_CONSTANT_CONVERSION = YES;
				CLANG_WARN_DEPRECATED_OBJC_IMPLEMENTATIONS = YES;
				CLANG_WARN_DIRECT_OBJC_ISA_USAGE = YES_ERROR;
				CLANG_WARN_DOCUMENTATION_COMMENTS = YES;
				CLANG_WARN_EMPTY_BODY = YES;
				CLANG_WARN_ENUM_CONVERSION = YES;
				CLANG_WARN_INFINITE_RECURSION = YES;
				CLANG_WARN_INT_CONVERSION = YES;
				CLANG_WARN_NON_LITERAL_NULL_CONVERSION = YES;
				CLANG_WARN_OBJC_IMPLICIT_RETAIN_SELF = YES;
				CLANG_WARN_OBJC_LITERAL_CONVERSION = YES;
				CLANG_WARN_OBJC_ROOT_CLASS = YES_ERROR;
				CLANG_WARN_QUOTED_INCLUDE_IN_FRAMEWORK_HEADER = YES;
				CLANG_WARN_RANGE_LOOP_ANALYSIS = YES;
				CLANG_WARN_STRICT_PROTOTYPES = YES;
				CLANG_WARN_SUSPICIOUS_MOVE = YES;
				CLANG_WARN_UNGUARDED_AVAILABILITY = YES_AGGRESSIVE;
				CLANG_WARN_UNREACHABLE_CODE = YES;
				CLANG_WARN__DUPLICATE_METHOD_MATCH = YES;
				COPY_PHASE_STRIP = NO;
				DEBUG_INFORMATION_FORMAT = "dwarf-with-dsym";
				ENABLE_NS_ASSERTIONS = NO;
				ENABLE_STRICT_OBJC_MSGSEND = YES;
				GCC_C_LANGUAGE_STANDARD = gnu11;
				GCC_NO_COMMON_BLOCKS = YES;
				GCC_WARN_64_TO_32_BIT_CONVERSION = YES;
				GCC_WARN_ABOUT_RETURN_TYPE = YES_ERROR;
				GCC_WARN_UNDECLARED_SELECTOR = YES;
				GCC_WARN_UNINITIALIZED_AUTOS = YES_AGGRESSIVE;
				GCC_WARN_UNUSED_FUNCTION = YES;
				GCC_WARN_UNUSED_VARIABLE = YES;
				IPHONEOS_DEPLOYMENT_TARGET = 15.2;
				MTL_ENABLE_DEBUG_INFO = NO;
				MTL_FAST_MATH = YES;
				SDKROOT = iphoneos;
				SWIFT_COMPILATION_MODE = wholemodule;
				SWIFT_OPTIMIZATION_LEVEL = "-O";
				VALIDATE_PRODUCT = YES;
			};
			name = Release;
		};
		30F893F328327E1300382896 /* Debug */ = {
			isa = XCBuildConfiguration;
			baseConfigurationReference = A4A979B5BC273725A286E1DF /* Pods-Get Post request.debug.xcconfig */;
			buildSettings = {
				ASSETCATALOG_COMPILER_APPICON_NAME = AppIcon;
				ASSETCATALOG_COMPILER_GLOBAL_ACCENT_COLOR_NAME = AccentColor;
				CODE_SIGN_STYLE = Automatic;
				CURRENT_PROJECT_VERSION = 1;
				DEVELOPMENT_TEAM = PNS3V7H8RX;
				GENERATE_INFOPLIST_FILE = YES;
				INFOPLIST_FILE = "Get Post request/Info.plist";
				INFOPLIST_KEY_UIApplicationSupportsIndirectInputEvents = YES;
				INFOPLIST_KEY_UILaunchStoryboardName = LaunchScreen;
				INFOPLIST_KEY_UIMainStoryboardFile = Main;
				INFOPLIST_KEY_UIStatusBarHidden = NO;
				INFOPLIST_KEY_UISupportedInterfaceOrientations = UIInterfaceOrientationPortrait;
				INFOPLIST_KEY_UISupportedInterfaceOrientations_iPad = "UIInterfaceOrientationPortrait UIInterfaceOrientationPortraitUpsideDown UIInterfaceOrientationLandscapeLeft UIInterfaceOrientationLandscapeRight";
				INFOPLIST_KEY_UISupportedInterfaceOrientations_iPhone = "UIInterfaceOrientationPortrait UIInterfaceOrientationLandscapeLeft UIInterfaceOrientationLandscapeRight";
				LD_RUNPATH_SEARCH_PATHS = (
					"$(inherited)",
					"@executable_path/Frameworks",
				);
				MARKETING_VERSION = 1.0;
				PRODUCT_BUNDLE_IDENTIFIER = "Home.Get-Post-request";
				PRODUCT_NAME = "$(TARGET_NAME)";
				SWIFT_EMIT_LOC_STRINGS = YES;
				SWIFT_VERSION = 5.0;
				TARGETED_DEVICE_FAMILY = 1;
			};
			name = Debug;
		};
		30F893F428327E1300382896 /* Release */ = {
			isa = XCBuildConfiguration;
			baseConfigurationReference = 021DA3A01861A54C3889D3CD /* Pods-Get Post request.release.xcconfig */;
			buildSettings = {
				ASSETCATALOG_COMPILER_APPICON_NAME = AppIcon;
				ASSETCATALOG_COMPILER_GLOBAL_ACCENT_COLOR_NAME = AccentColor;
				CODE_SIGN_STYLE = Automatic;
				CURRENT_PROJECT_VERSION = 1;
				DEVELOPMENT_TEAM = PNS3V7H8RX;
				GENERATE_INFOPLIST_FILE = YES;
				INFOPLIST_FILE = "Get Post request/Info.plist";
				INFOPLIST_KEY_UIApplicationSupportsIndirectInputEvents = YES;
				INFOPLIST_KEY_UILaunchStoryboardName = LaunchScreen;
				INFOPLIST_KEY_UIMainStoryboardFile = Main;
				INFOPLIST_KEY_UIStatusBarHidden = NO;
				INFOPLIST_KEY_UISupportedInterfaceOrientations = UIInterfaceOrientationPortrait;
				INFOPLIST_KEY_UISupportedInterfaceOrientations_iPad = "UIInterfaceOrientationPortrait UIInterfaceOrientationPortraitUpsideDown UIInterfaceOrientationLandscapeLeft UIInterfaceOrientationLandscapeRight";
				INFOPLIST_KEY_UISupportedInterfaceOrientations_iPhone = "UIInterfaceOrientationPortrait UIInterfaceOrientationLandscapeLeft UIInterfaceOrientationLandscapeRight";
				LD_RUNPATH_SEARCH_PATHS = (
					"$(inherited)",
					"@executable_path/Frameworks",
				);
				MARKETING_VERSION = 1.0;
				PRODUCT_BUNDLE_IDENTIFIER = "Home.Get-Post-request";
				PRODUCT_NAME = "$(TARGET_NAME)";
				SWIFT_EMIT_LOC_STRINGS = YES;
				SWIFT_VERSION = 5.0;
				TARGETED_DEVICE_FAMILY = 1;
			};
			name = Release;
		};
/* End XCBuildConfiguration section */

/* Begin XCConfigurationList section */
		30F893D928327E1200382896 /* Build configuration list for PBXProject "Get Post request" */ = {
			isa = XCConfigurationList;
			buildConfigurations = (
				30F893F028327E1300382896 /* Debug */,
				30F893F128327E1300382896 /* Release */,
			);
			defaultConfigurationIsVisible = 0;
			defaultConfigurationName = Release;
		};
		30F893F228327E1300382896 /* Build configuration list for PBXNativeTarget "Get Post request" */ = {
			isa = XCConfigurationList;
			buildConfigurations = (
				30F893F328327E1300382896 /* Debug */,
				30F893F428327E1300382896 /* Release */,
			);
			defaultConfigurationIsVisible = 0;
			defaultConfigurationName = Release;
		};
/* End XCConfigurationList section */
	};
	rootObject = 30F893D628327E1200382896 /* Project object */;
}
